
Microsoft Visual Studio Solution File, Format Version 12.00
# Visual Studio Version 17
VisualStudioVersion = 17.0.31903.59
MinimumVisualStudioVersion = 10.0.40219.1
Project("{9A19103F-16F7-4668-BE54-9A1E7A4F7556}") = "Pet.Project.Api.Gateway.API", "Pet.Project.Api.Gateway.API\Pet.Project.Api.Gateway.API.csproj", "{EDE7D35C-302B-44D6-93AE-C41857ADE4CC}"
EndProject
Project("{2150E333-8FDC-42A3-9474-1A3956D46DE8}") = "Tests", "Tests", "{25EA96F8-5EE9-44AC-B439-9E9F33C06151}"
EndProject
Project("{9A19103F-16F7-4668-BE54-9A1E7A4F7556}") = "Pet.Project.Api.Gateway.API.UnitTests", "Pet.Project.Api.Gateway.API.UnitTests\Pet.Project.Api.Gateway.API.UnitTests.csproj", "{6A81D428-16E5-4C39-9765-A2918997A250}"
EndProject
Project("{2150E333-8FDC-42A3-9474-1A3956D46DE8}") = "Solution Items", "Solution Items", "{05DE008D-3FF5-46FA-A03A-638921B10D2B}"
	ProjectSection(SolutionItems) = preProject
		.editorconfig = .editorconfig
	EndProjectSection
EndProject
Project("{2150E333-8FDC-42A3-9474-1A3956D46DE8}") = "Elementos de la solución", "Elementos de la solución", "{185DA481-C252-4451-BA7D-D25E5099A310}"
	ProjectSection(SolutionItems) = preProject
		Rules.ruleset = Rules.ruleset
	EndProjectSection
EndProject
Global
	GlobalSection(SolutionConfigurationPlatforms) = preSolution
		Debug|Any CPU = Debug|Any CPU
		Release|Any CPU = Release|Any CPU
	EndGlobalSection
	GlobalSection(ProjectConfigurationPlatforms) = postSolution
		{EDE7D35C-302B-44D6-93AE-C41857ADE4CC}.Debug|Any CPU.ActiveCfg = Debug|Any CPU
		{EDE7D35C-302B-44D6-93AE-C41857ADE4CC}.Debug|Any CPU.Build.0 = Debug|Any CPU
		{EDE7D35C-302B-44D6-93AE-C41857ADE4CC}.Release|Any CPU.ActiveCfg = Release|Any CPU
		{EDE7D35C-302B-44D6-93AE-C41857ADE4CC}.Release|Any CPU.Build.0 = Release|Any CPU
		{6A81D428-16E5-4C39-9765-A2918997A250}.Debug|Any CPU.ActiveCfg = Debug|Any CPU
		{6A81D428-16E5-4C39-9765-A2918997A250}.Debug|Any CPU.Build.0 = Debug|Any CPU
		{6A81D428-16E5-4C39-9765-A2918997A250}.Release|Any CPU.ActiveCfg = Release|Any CPU
		{6A81D428-16E5-4C39-9765-A2918997A250}.Release|Any CPU.Build.0 = Release|Any CPU
	EndGlobalSection
	GlobalSection(SolutionProperties) = preSolution
		HideSolutionNode = FALSE
	EndGlobalSection
	GlobalSection(NestedProjects) = preSolution
		{6A81D428-16E5-4C39-9765-A2918997A250} = {25EA96F8-5EE9-44AC-B439-9E9F33C06151}
	EndGlobalSection
	GlobalSection(ExtensibilityGlobals) = postSolution
		SolutionGuid = {66B5E153-ED89-4D59-92BF-683313E52668}
	EndGlobalSection
EndGlobal
